// !$*UTF8*$!
{
	archiveVersion = 1;
	classes = {
	};
	objectVersion = 39;
	objects = {
		089C165FFE840EACC02AAC07 = {
			children = (
				089C1660FE840EACC02AAC07,
			);
			isa = PBXVariantGroup;
			name = InfoPlist.strings;
			refType = 4;
			sourceTree = "<group>";
		};
		089C1660FE840EACC02AAC07 = {
			fileEncoding = 10;
			isa = PBXFileReference;
			lastKnownFileType = text.plist.strings;
			name = English;
			path = English.lproj/InfoPlist.strings;
			refType = 4;
			sourceTree = "<group>";
		};
//080
//081
//082
//083
//084
//100
//101
//102
//103
//104
		1058C7A6FEA54F5311CA2CBB = {
			children = (
				442BBB300653F73E0041C2A9,
				1058C7A7FEA54F5311CA2CBB,
			);
			isa = PBXGroup;
			name = "Linked Frameworks";
			refType = 4;
			sourceTree = "<group>";
		};
		1058C7A7FEA54F5311CA2CBB = {
			fallbackIsa = PBXFileReference;
			isa = PBXFrameworkReference;
			lastKnownFileType = wrapper.framework;
			name = Cocoa.framework;
			path = /System/Library/Frameworks/Cocoa.framework;
			refType = 0;
			sourceTree = "<absolute>";
		};
		1058C7A8FEA54F5311CA2CBB = {
			children = (
				2A37F4C5FDCFA73011CA2CEA,
				2A37F4C4FDCFA73011CA2CEA,
			);
			isa = PBXGroup;
			name = "Other Frameworks";
			refType = 4;
			sourceTree = "<group>";
		};
//100
//101
//102
//103
//104
//190
//191
//192
//193
//194
		19C28FB0FE9D524F11CA2CBB = {
			children = (
				8D15AC370486D014006FF6A4,
			);
			isa = PBXGroup;
			name = Products;
			refType = 4;
			sourceTree = "<group>";
		};
//190
//191
//192
//193
//194
//2A0
//2A1
//2A2
//2A3
//2A4
		2A37F4A9FDCFA73011CA2CEA = {
			buildSettings = {
			};
			buildStyles = (
				4A9504D0FFE6A4CB11CA0CBA,
				4A9504D1FFE6A4CB11CA0CBA,
			);
			hasScannedForEncodings = 1;
			isa = PBXProject;
			mainGroup = 2A37F4AAFDCFA73011CA2CEA;
			projectDirPath = "";
			targets = (
				8D15AC270486D014006FF6A4,
			);
		};
		2A37F4AAFDCFA73011CA2CEA = {
			children = (
				2A37F4ABFDCFA73011CA2CEA,
				2A37F4AFFDCFA73011CA2CEA,
				2A37F4B8FDCFA73011CA2CEA,
				2A37F4C3FDCFA73011CA2CEA,
				19C28FB0FE9D524F11CA2CBB,
			);
			isa = PBXGroup;
			name = iCHM;
			path = "";
			refType = 4;
			sourceTree = "<group>";
		};
		2A37F4ABFDCFA73011CA2CEA = {
			children = (
				448AF5A0064AA5E100FA37BD,
				448AF5A1064AA5E100FA37BD,
				448AF5AA064AE52F00FA37BD,
				448AF5AB064AE52F00FA37BD,
				442BB9D40653EB340041C2A9,
				442BB9D50653EB340041C2A9,
				442BBA2F0653ED630041C2A9,
				442BBA300653ED630041C2A9,
				44F984BD06576CA60076336E,
				44F984BE06576CA60076336E,
				44F984F8065774580076336E,
				44F984F9065774580076336E,
			);
			isa = PBXGroup;
			name = Classes;
			path = "";
			refType = 4;
			sourceTree = "<group>";
		};
		2A37F4AFFDCFA73011CA2CEA = {
			children = (
				44D7FFF0065A9C7B00D2B23E,
				448AF6EF064AFCD900FA37BD,
				2A37F4B0FDCFA73011CA2CEA,
			);
			isa = PBXGroup;
			name = "Other Sources";
			path = "";
			refType = 4;
			sourceTree = "<group>";
		};
		2A37F4B0FDCFA73011CA2CEA = {
			fileEncoding = 30;
			isa = PBXFileReference;
			lastKnownFileType = sourcecode.c.objc;
			path = main.m;
			refType = 4;
			sourceTree = "<group>";
		};
		2A37F4B4FDCFA73011CA2CEA = {
			children = (
				2A37F4B5FDCFA73011CA2CEA,
			);
			isa = PBXVariantGroup;
			name = CHMDocument.nib;
			path = "";
			refType = 4;
			sourceTree = "<group>";
		};
		2A37F4B5FDCFA73011CA2CEA = {
			isa = PBXFileReference;
			lastKnownFileType = wrapper.nib;
			name = English;
			path = English.lproj/CHMDocument.nib;
			refType = 4;
			sourceTree = "<group>";
		};
		2A37F4B6FDCFA73011CA2CEA = {
			children = (
				2A37F4B7FDCFA73011CA2CEA,
			);
			isa = PBXVariantGroup;
			name = MainMenu.nib;
			path = "";
			refType = 4;
			sourceTree = "<group>";
		};
		2A37F4B7FDCFA73011CA2CEA = {
			isa = PBXFileReference;
			lastKnownFileType = wrapper.nib;
			name = English;
			path = English.lproj/MainMenu.nib;
			refType = 4;
			sourceTree = "<group>";
		};
		2A37F4B8FDCFA73011CA2CEA = {
			children = (
				448AF677064AF92800FA37BD,
				448AF678064AF92800FA37BD,
				448AF679064AF92800FA37BD,
				2A37F4B9FDCFA73011CA2CEA,
				2A37F4B6FDCFA73011CA2CEA,
				2A37F4B4FDCFA73011CA2CEA,
				8D15AC360486D014006FF6A4,
				089C165FFE840EACC02AAC07,
			);
			isa = PBXGroup;
			name = Resources;
			path = "";
			refType = 4;
			sourceTree = "<group>";
		};
		2A37F4B9FDCFA73011CA2CEA = {
			children = (
				2A37F4BAFDCFA73011CA2CEA,
			);
			isa = PBXVariantGroup;
			name = Credits.rtf;
			path = "";
			refType = 4;
			sourceTree = "<group>";
		};
		2A37F4BAFDCFA73011CA2CEA = {
			isa = PBXFileReference;
			lastKnownFileType = text.rtf;
			name = English;
			path = English.lproj/Credits.rtf;
			refType = 4;
			sourceTree = "<group>";
		};
		2A37F4C3FDCFA73011CA2CEA = {
			children = (
				1058C7A6FEA54F5311CA2CBB,
				1058C7A8FEA54F5311CA2CBB,
			);
			isa = PBXGroup;
			name = Frameworks;
			path = "";
			refType = 4;
			sourceTree = "<group>";
		};
		2A37F4C4FDCFA73011CA2CEA = {
			fallbackIsa = PBXFileReference;
			isa = PBXFrameworkReference;
			lastKnownFileType = wrapper.framework;
			name = AppKit.framework;
			path = /System/Library/Frameworks/AppKit.framework;
			refType = 0;
			sourceTree = "<absolute>";
		};
		2A37F4C5FDCFA73011CA2CEA = {
			fallbackIsa = PBXFileReference;
			isa = PBXFrameworkReference;
			lastKnownFileType = wrapper.framework;
			name = Foundation.framework;
			path = /System/Library/Frameworks/Foundation.framework;
			refType = 0;
			sourceTree = "<absolute>";
		};
//2A0
//2A1
//2A2
//2A3
//2A4
//440
//441
//442
//443
//444
		442BB9D40653EB340041C2A9 = {
			fileEncoding = 4;
			isa = PBXFileReference;
			lastKnownFileType = sourcecode.c.h;
			path = CHMURLProtocol.h;
			refType = 4;
			sourceTree = "<group>";
		};
		442BB9D50653EB340041C2A9 = {
			fileEncoding = 4;
			isa = PBXFileReference;
			lastKnownFileType = sourcecode.c.objc;
			path = CHMURLProtocol.m;
			refType = 4;
			sourceTree = "<group>";
		};
		442BB9D60653EB340041C2A9 = {
			fileRef = 442BB9D40653EB340041C2A9;
			isa = PBXBuildFile;
			settings = {
			};
		};
		442BB9D70653EB340041C2A9 = {
			fileRef = 442BB9D50653EB340041C2A9;
			isa = PBXBuildFile;
			settings = {
			};
		};
		442BBA2F0653ED630041C2A9 = {
			fileEncoding = 4;
			isa = PBXFileReference;
			lastKnownFileType = sourcecode.c.h;
			path = CHMContainer.h;
			refType = 4;
			sourceTree = "<group>";
		};
		442BBA300653ED630041C2A9 = {
			fileEncoding = 4;
			isa = PBXFileReference;
			lastKnownFileType = sourcecode.c.objc;
			path = CHMContainer.m;
			refType = 4;
			sourceTree = "<group>";
		};
		442BBA310653ED630041C2A9 = {
			fileRef = 442BBA2F0653ED630041C2A9;
			isa = PBXBuildFile;
			settings = {
			};
		};
		442BBA320653ED630041C2A9 = {
			fileRef = 442BBA300653ED630041C2A9;
			isa = PBXBuildFile;
			settings = {
			};
		};
		442BBB300653F73E0041C2A9 = {
			isa = PBXFileReference;
			lastKnownFileType = wrapper.framework;
			name = WebKit.framework;
			path = /System/Library/Frameworks/WebKit.framework;
			refType = 0;
			sourceTree = "<absolute>";
		};
		442BBB310653F73E0041C2A9 = {
			fileRef = 442BBB300653F73E0041C2A9;
			isa = PBXBuildFile;
			settings = {
			};
		};
		448AF5A0064AA5E100FA37BD = {
			fileEncoding = 4;
			isa = PBXFileReference;
			lastKnownFileType = sourcecode.c.h;
			path = CHMDocument.h;
			refType = 4;
			sourceTree = "<group>";
		};
		448AF5A1064AA5E100FA37BD = {
			fileEncoding = 4;
			isa = PBXFileReference;
			lastKnownFileType = sourcecode.c.objc;
			path = CHMDocument.m;
			refType = 4;
			sourceTree = "<group>";
		};
		448AF5A2064AA5E100FA37BD = {
			fileRef = 448AF5A0064AA5E100FA37BD;
			isa = PBXBuildFile;
			settings = {
			};
		};
		448AF5A3064AA5E100FA37BD = {
			fileRef = 448AF5A1064AA5E100FA37BD;
			isa = PBXBuildFile;
			settings = {
			};
		};
		448AF5AA064AE52F00FA37BD = {
			fileEncoding = 4;
			isa = PBXFileReference;
			lastKnownFileType = sourcecode.c.h;
			path = CHMWindowController.h;
			refType = 4;
			sourceTree = "<group>";
		};
		448AF5AB064AE52F00FA37BD = {
			fileEncoding = 4;
			isa = PBXFileReference;
			lastKnownFileType = sourcecode.c.objc;
			path = CHMWindowController.m;
			refType = 4;
			sourceTree = "<group>";
		};
		448AF5AC064AE52F00FA37BD = {
			fileRef = 448AF5AA064AE52F00FA37BD;
			isa = PBXBuildFile;
			settings = {
			};
		};
		448AF5AD064AE52F00FA37BD = {
			fileRef = 448AF5AB064AE52F00FA37BD;
			isa = PBXBuildFile;
			settings = {
			};
		};
		448AF677064AF92800FA37BD = {
			isa = PBXFileReference;
			lastKnownFileType = image.tiff;
			path = BackAdorn.tif;
			refType = 4;
			sourceTree = "<group>";
		};
		448AF678064AF92800FA37BD = {
			isa = PBXFileReference;
			lastKnownFileType = image.tiff;
			path = ToggleDrawer.tif;
			refType = 4;
			sourceTree = "<group>";
		};
		448AF679064AF92800FA37BD = {
			isa = PBXFileReference;
			lastKnownFileType = image.tiff;
			path = ForwardAdorn.tif;
			refType = 4;
			sourceTree = "<group>";
		};
		448AF67A064AF92800FA37BD = {
			fileRef = 448AF677064AF92800FA37BD;
			isa = PBXBuildFile;
			settings = {
			};
		};
		448AF67B064AF92900FA37BD = {
			fileRef = 448AF678064AF92800FA37BD;
			isa = PBXBuildFile;
			settings = {
			};
		};
		448AF67C064AF92900FA37BD = {
			fileRef = 448AF679064AF92800FA37BD;
			isa = PBXBuildFile;
			settings = {
			};
		};
		448AF6EF064AFCD900FA37BD = {
			children = (
				448AF6F9064AFD3500FA37BD,
				448AF6FA064AFD3500FA37BD,
				448AF6FB064AFD3500FA37BD,
				448AF6FC064AFD3500FA37BD,
			);
			isa = PBXGroup;
			path = chmlib;
			refType = 4;
			sourceTree = "<group>";
		};
		448AF6F9064AFD3500FA37BD = {
			fileEncoding = 4;
			isa = PBXFileReference;
			lastKnownFileType = sourcecode.c.c;
			path = chm_lib.c;
			refType = 4;
			sourceTree = "<group>";
		};
		448AF6FA064AFD3500FA37BD = {
			fileEncoding = 4;
			isa = PBXFileReference;
			lastKnownFileType = sourcecode.c.h;
			path = chm_lib.h;
			refType = 4;
			sourceTree = "<group>";
		};
		448AF6FB064AFD3500FA37BD = {
			fileEncoding = 4;
			isa = PBXFileReference;
			lastKnownFileType = sourcecode.c.c;
			path = lzx.c;
			refType = 4;
			sourceTree = "<group>";
		};
		448AF6FC064AFD3500FA37BD = {
			fileEncoding = 4;
			isa = PBXFileReference;
			lastKnownFileType = sourcecode.c.h;
			path = lzx.h;
			refType = 4;
			sourceTree = "<group>";
		};
		448AF6FD064AFD3500FA37BD = {
			fileRef = 448AF6F9064AFD3500FA37BD;
			isa = PBXBuildFile;
			settings = {
			};
		};
		448AF6FE064AFD3500FA37BD = {
			fileRef = 448AF6FA064AFD3500FA37BD;
			isa = PBXBuildFile;
			settings = {
			};
		};
		448AF6FF064AFD3500FA37BD = {
			fileRef = 448AF6FB064AFD3500FA37BD;
			isa = PBXBuildFile;
			settings = {
			};
		};
		448AF700064AFD3500FA37BD = {
			fileRef = 448AF6FC064AFD3500FA37BD;
			isa = PBXBuildFile;
			settings = {
			};
		};
		44D7FFF0065A9C7B00D2B23E = {
			fileEncoding = 4;
			isa = PBXFileReference;
			lastKnownFileType = sourcecode.c.h;
			path = prefix.pch;
			refType = 4;
			sourceTree = "<group>";
		};
		44D7FFF1065A9C7B00D2B23E = {
			fileRef = 44D7FFF0065A9C7B00D2B23E;
			isa = PBXBuildFile;
			settings = {
			};
		};
		44F984BD06576CA60076336E = {
			fileEncoding = 4;
			isa = PBXFileReference;
			lastKnownFileType = sourcecode.c.h;
			path = CHMTopic.h;
			refType = 4;
			sourceTree = "<group>";
		};
		44F984BE06576CA60076336E = {
			fileEncoding = 4;
			isa = PBXFileReference;
			lastKnownFileType = sourcecode.c.objc;
			path = CHMTopic.m;
			refType = 4;
			sourceTree = "<group>";
		};
		44F984BF06576CA60076336E = {
			fileRef = 44F984BD06576CA60076336E;
			isa = PBXBuildFile;
			settings = {
			};
		};
		44F984C006576CA60076336E = {
			fileRef = 44F984BE06576CA60076336E;
			isa = PBXBuildFile;
			settings = {
			};
		};
		44F984F8065774580076336E = {
			fileEncoding = 4;
			isa = PBXFileReference;
			lastKnownFileType = sourcecode.c.h;
			path = CHMTableOfContents.h;
			refType = 4;
			sourceTree = "<group>";
		};
		44F984F9065774580076336E = {
			fileEncoding = 4;
			isa = PBXFileReference;
			lastKnownFileType = sourcecode.c.objc;
			path = CHMTableOfContents.m;
			refType = 4;
			sourceTree = "<group>";
		};
		44F984FA065774580076336E = {
			fileRef = 44F984F8065774580076336E;
			isa = PBXBuildFile;
			settings = {
			};
		};
		44F984FB065774580076336E = {
			fileRef = 44F984F9065774580076336E;
			isa = PBXBuildFile;
			settings = {
			};
		};
//440
//441
//442
//443
//444
//4A0
//4A1
//4A2
//4A3
//4A4
		4A9504D0FFE6A4CB11CA0CBA = {
			buildRules = (
			);
			buildSettings = {
				COPY_PHASE_STRIP = NO;
				DEBUGGING_SYMBOLS = YES;
				GCC_DYNAMIC_NO_PIC = NO;
				GCC_ENABLE_FIX_AND_CONTINUE = YES;
				GCC_GENERATE_DEBUGGING_SYMBOLS = YES;
				GCC_OPTIMIZATION_LEVEL = 0;
				OPTIMIZATION_CFLAGS = "-O0";
				ZERO_LINK = YES;
			};
			isa = PBXBuildStyle;
			name = Development;
		};
		4A9504D1FFE6A4CB11CA0CBA = {
			buildRules = (
			);
			buildSettings = {
				COPY_PHASE_STRIP = YES;
				GCC_ENABLE_FIX_AND_CONTINUE = NO;
				ZERO_LINK = NO;
			};
			isa = PBXBuildStyle;
			name = Deployment;
		};
//4A0
//4A1
//4A2
//4A3
//4A4
//8D0
//8D1
//8D2
//8D3
//8D4
		8D15AC270486D014006FF6A4 = {
			buildPhases = (
				8D15AC280486D014006FF6A4,
				8D15AC2B0486D014006FF6A4,
				8D15AC300486D014006FF6A4,
				8D15AC330486D014006FF6A4,
			);
			buildRules = (
			);
			buildSettings = {
				FRAMEWORK_SEARCH_PATHS = "";
				GCC_C_LANGUAGE_STANDARD = gnu99;
				GCC_ENABLE_CPP_EXCEPTIONS = NO;
				GCC_ENABLE_CPP_RTTI = NO;
				GCC_ENABLE_OBJC_EXCEPTIONS = YES;
				GCC_ENABLE_TRIGRAPHS = NO;
				GCC_GENERATE_DEBUGGING_SYMBOLS = NO;
				GCC_PRECOMPILE_PREFIX_HEADER = YES;
				GCC_PREFIX_HEADER = prefix.pch;
				GCC_PREPROCESSOR_DEFINITIONS = "CHM_USE_PREAD CHM_MT";
				GCC_WARN_ABOUT_MISSING_PROTOTYPES = NO;
				GCC_WARN_FOUR_CHARACTER_CONSTANTS = NO;
				GCC_WARN_UNKNOWN_PRAGMAS = NO;
				HEADER_SEARCH_PATHS = "";
				INFOPLIST_FILE = Info.plist;
				INSTALL_PATH = "$(HOME)/Applications";
				LIBRARY_SEARCH_PATHS = "";
				OTHER_CFLAGS = "-I/usr/include/libxml2";
				OTHER_LDFLAGS = "";
				PRODUCT_NAME = Chmox;
				SECTORDER_FLAGS = "";
				WARNING_CFLAGS = "-Wmost -Wno-four-char-constants -Wno-unknown-pragmas";
				WRAPPER_EXTENSION = app;
			};
			dependencies = (
			);
			isa = PBXNativeTarget;
			name = Chmox;
			productInstallPath = "$(HOME)/Applications";
			productName = "CHM Viewer";
			productReference = 8D15AC370486D014006FF6A4;
			productType = "com.apple.product-type.application";
		};
		8D15AC280486D014006FF6A4 = {
			buildActionMask = 2147483647;
			files = (
				448AF5A2064AA5E100FA37BD,
				448AF5AC064AE52F00FA37BD,
				448AF6FE064AFD3500FA37BD,
				448AF700064AFD3500FA37BD,
				442BB9D60653EB340041C2A9,
				442BBA310653ED630041C2A9,
				44F984BF06576CA60076336E,
				44F984FA065774580076336E,
			);
			isa = PBXHeadersBuildPhase;
			runOnlyForDeploymentPostprocessing = 0;
		};
		8D15AC2B0486D014006FF6A4 = {
			buildActionMask = 2147483647;
			files = (
				8D15AC2C0486D014006FF6A4,
				8D15AC2D0486D014006FF6A4,
				8D15AC2E0486D014006FF6A4,
				8D15AC2F0486D014006FF6A4,
				448AF67A064AF92800FA37BD,
				448AF67B064AF92900FA37BD,
				448AF67C064AF92900FA37BD,
				44D7FFF1065A9C7B00D2B23E,
			);
			isa = PBXResourcesBuildPhase;
			runOnlyForDeploymentPostprocessing = 0;
		};
		8D15AC2C0486D014006FF6A4 = {
			fileRef = 2A37F4B9FDCFA73011CA2CEA;
			isa = PBXBuildFile;
			settings = {
			};
		};
		8D15AC2D0486D014006FF6A4 = {
			fileRef = 2A37F4B6FDCFA73011CA2CEA;
			isa = PBXBuildFile;
			settings = {
			};
		};
		8D15AC2E0486D014006FF6A4 = {
			fileRef = 2A37F4B4FDCFA73011CA2CEA;
			isa = PBXBuildFile;
			settings = {
			};
		};
		8D15AC2F0486D014006FF6A4 = {
			fileRef = 089C165FFE840EACC02AAC07;
			isa = PBXBuildFile;
			settings = {
			};
		};
		8D15AC300486D014006FF6A4 = {
			buildActionMask = 2147483647;
			files = (
				8D15AC320486D014006FF6A4,
				448AF5A3064AA5E100FA37BD,
				448AF5AD064AE52F00FA37BD,
				448AF6FD064AFD3500FA37BD,
				448AF6FF064AFD3500FA37BD,
				442BB9D70653EB340041C2A9,
				442BBA320653ED630041C2A9,
				44F984C006576CA60076336E,
				44F984FB065774580076336E,
			);
			isa = PBXSourcesBuildPhase;
			runOnlyForDeploymentPostprocessing = 0;
		};
		8D15AC320486D014006FF6A4 = {
			fileRef = 2A37F4B0FDCFA73011CA2CEA;
			isa = PBXBuildFile;
			settings = {
				ATTRIBUTES = (
				);
			};
		};
		8D15AC330486D014006FF6A4 = {
			buildActionMask = 2147483647;
			files = (
				8D15AC340486D014006FF6A4,
				442BBB310653F73E0041C2A9,
			);
			isa = PBXFrameworksBuildPhase;
			runOnlyForDeploymentPostprocessing = 0;
		};
		8D15AC340486D014006FF6A4 = {
			fileRef = 1058C7A7FEA54F5311CA2CBB;
			isa = PBXBuildFile;
			settings = {
			};
		};
		8D15AC360486D014006FF6A4 = {
			fileEncoding = 4;
			isa = PBXFileReference;
			lastKnownFileType = text.plist;
			path = Info.plist;
			refType = 4;
			sourceTree = "<group>";
		};
		8D15AC370486D014006FF6A4 = {
			explicitFileType = wrapper.application;
			includeInIndex = 0;
			isa = PBXFileReference;
			path = Chmox.app;
			refType = 3;
			sourceTree = BUILT_PRODUCTS_DIR;
		};
	};
	rootObject = 2A37F4A9FDCFA73011CA2CEA;
}
